
Microsoft Visual Studio Solution File, Format Version 12.00
# Visual Studio Version 17
VisualStudioVersion = 17.14.36221.1 d17.14
MinimumVisualStudioVersion = 10.0.40219.1
Project("{FAE04EC0-301F-11D3-BF4B-00C04F79EFBC}") = "Advent of Code", "Advent of Code.csproj", "{4249C2DB-AF3C-4A07-828C-2010FC12D4F1}"
EndProject
Global
	GlobalSection(SolutionConfigurationPlatforms) = preSolution
		Debug|Any CPU = Debug|Any CPU
		Release|Any CPU = Release|Any CPU
	EndGlobalSection
	GlobalSection(ProjectConfigurationPlatforms) = postSolution
		{4249C2DB-AF3C-4A07-828C-2010FC12D4F1}.Debug|Any CPU.ActiveCfg = Debug|Any CPU
		{4249C2DB-AF3C-4A07-828C-2010FC12D4F1}.Debug|Any CPU.Build.0 = Debug|Any CPU
		{4249C2DB-AF3C-4A07-828C-2010FC12D4F1}.Release|Any CPU.ActiveCfg = Release|Any CPU
		{4249C2DB-AF3C-4A07-828C-2010FC12D4F1}.Release|Any CPU.Build.0 = Release|Any CPU
	EndGlobalSection
	GlobalSection(SolutionProperties) = preSolution
		HideSolutionNode = FALSE
	EndGlobalSection
	GlobalSection(ExtensibilityGlobals) = postSolution
		SolutionGuid = {401EC64F-89DF-4539-B355-BF014F536599}
	EndGlobalSection
EndGlobal
