
Microsoft Visual Studio Solution File, Format Version 12.00
# Visual Studio Version 17
VisualStudioVersion = 17.14.36221.1
MinimumVisualStudioVersion = 10.0.40219.1
Project("{FAE04EC0-301F-11D3-BF4B-00C04F79EFBC}") = "AoC Day 3", "..\AoC Day 3\AoC Day 3.csproj", "{779BB275-764E-4ABB-B2D8-253DB9CA44F0}"
EndProject
Project("{FAE04EC0-301F-11D3-BF4B-00C04F79EFBC}") = "AoC Day 4", "AoC Day 4\AoC Day 4.csproj", "{4B4097CD-6AA9-4453-A0E5-27F679FF8A0A}"
EndProject
Project("{FAE04EC0-301F-11D3-BF4B-00C04F79EFBC}") = "AoC Day 5", "AoC Day 5\AoC Day 5.csproj", "{F0CE7AA6-42C6-456F-88A3-B5FDC4ECF44F}"
EndProject
Project("{FAE04EC0-301F-11D3-BF4B-00C04F79EFBC}") = "AoC Day 1", "AoC Day 1\AoC Day 1.csproj", "{8A840C86-2CCD-4205-859F-D0D83220FC29}"
EndProject
Project("{FAE04EC0-301F-11D3-BF4B-00C04F79EFBC}") = "AoC Day 2", "AoC Day 2\AoC Day 2.csproj", "{6CDC6033-4EB0-485D-BAE4-964A9ABB541D}"
EndProject
Project("{FAE04EC0-301F-11D3-BF4B-00C04F79EFBC}") = "AoC Day 6", "AoC Day 6\AoC Day 6.csproj", "{6DDC0C6A-90DD-44A7-88E9-FC81033DE55A}"
EndProject
Project("{FAE04EC0-301F-11D3-BF4B-00C04F79EFBC}") = "AoC Day 7", "AoC Day 7\AoC Day 7.csproj", "{E3244017-F4C0-4D3A-8487-6515C9228419}"
EndProject
Global
	GlobalSection(SolutionConfigurationPlatforms) = preSolution
		Debug|Any CPU = Debug|Any CPU
		Release|Any CPU = Release|Any CPU
	EndGlobalSection
	GlobalSection(ProjectConfigurationPlatforms) = postSolution
		{779BB275-764E-4ABB-B2D8-253DB9CA44F0}.Debug|Any CPU.ActiveCfg = Debug|Any CPU
		{779BB275-764E-4ABB-B2D8-253DB9CA44F0}.Debug|Any CPU.Build.0 = Debug|Any CPU
		{779BB275-764E-4ABB-B2D8-253DB9CA44F0}.Release|Any CPU.ActiveCfg = Release|Any CPU
		{779BB275-764E-4ABB-B2D8-253DB9CA44F0}.Release|Any CPU.Build.0 = Release|Any CPU
		{4B4097CD-6AA9-4453-A0E5-27F679FF8A0A}.Debug|Any CPU.ActiveCfg = Debug|Any CPU
		{4B4097CD-6AA9-4453-A0E5-27F679FF8A0A}.Debug|Any CPU.Build.0 = Debug|Any CPU
		{4B4097CD-6AA9-4453-A0E5-27F679FF8A0A}.Release|Any CPU.ActiveCfg = Release|Any CPU
		{4B4097CD-6AA9-4453-A0E5-27F679FF8A0A}.Release|Any CPU.Build.0 = Release|Any CPU
		{F0CE7AA6-42C6-456F-88A3-B5FDC4ECF44F}.Debug|Any CPU.ActiveCfg = Debug|Any CPU
		{F0CE7AA6-42C6-456F-88A3-B5FDC4ECF44F}.Debug|Any CPU.Build.0 = Debug|Any CPU
		{F0CE7AA6-42C6-456F-88A3-B5FDC4ECF44F}.Release|Any CPU.ActiveCfg = Release|Any CPU
		{F0CE7AA6-42C6-456F-88A3-B5FDC4ECF44F}.Release|Any CPU.Build.0 = Release|Any CPU
		{8A840C86-2CCD-4205-859F-D0D83220FC29}.Debug|Any CPU.ActiveCfg = Debug|Any CPU
		{8A840C86-2CCD-4205-859F-D0D83220FC29}.Debug|Any CPU.Build.0 = Debug|Any CPU
		{8A840C86-2CCD-4205-859F-D0D83220FC29}.Release|Any CPU.ActiveCfg = Release|Any CPU
		{8A840C86-2CCD-4205-859F-D0D83220FC29}.Release|Any CPU.Build.0 = Release|Any CPU
		{6CDC6033-4EB0-485D-BAE4-964A9ABB541D}.Debug|Any CPU.ActiveCfg = Debug|Any CPU
		{6CDC6033-4EB0-485D-BAE4-964A9ABB541D}.Debug|Any CPU.Build.0 = Debug|Any CPU
		{6CDC6033-4EB0-485D-BAE4-964A9ABB541D}.Release|Any CPU.ActiveCfg = Release|Any CPU
		{6CDC6033-4EB0-485D-BAE4-964A9ABB541D}.Release|Any CPU.Build.0 = Release|Any CPU
		{6DDC0C6A-90DD-44A7-88E9-FC81033DE55A}.Debug|Any CPU.ActiveCfg = Debug|Any CPU
		{6DDC0C6A-90DD-44A7-88E9-FC81033DE55A}.Debug|Any CPU.Build.0 = Debug|Any CPU
		{6DDC0C6A-90DD-44A7-88E9-FC81033DE55A}.Release|Any CPU.ActiveCfg = Release|Any CPU
		{6DDC0C6A-90DD-44A7-88E9-FC81033DE55A}.Release|Any CPU.Build.0 = Release|Any CPU
		{E3244017-F4C0-4D3A-8487-6515C9228419}.Debug|Any CPU.ActiveCfg = Debug|Any CPU
		{E3244017-F4C0-4D3A-8487-6515C9228419}.Debug|Any CPU.Build.0 = Debug|Any CPU
		{E3244017-F4C0-4D3A-8487-6515C9228419}.Release|Any CPU.ActiveCfg = Release|Any CPU
		{E3244017-F4C0-4D3A-8487-6515C9228419}.Release|Any CPU.Build.0 = Release|Any CPU
	EndGlobalSection
	GlobalSection(SolutionProperties) = preSolution
		HideSolutionNode = FALSE
	EndGlobalSection
	GlobalSection(ExtensibilityGlobals) = postSolution
		SolutionGuid = {401EC64F-89DF-4539-B355-BF014F536599}
	EndGlobalSection
EndGlobal
